{
  "nodes": {
    "darwin": {
      "inputs": {
        "nixpkgs": [
          "nixpkgs-darwin"
        ]
      },
      "locked": {
        "lastModified": 1631730143,
        "narHash": "sha256-A8PaUyZu5WVp+IojG5q+39rjf5x57OFDYmVoDFPZLlY=",
        "owner": "LnL7",
        "repo": "nix-darwin",
        "rev": "e1a3f7292f085fd588d11f94ed0f47968c16df0c",
        "type": "github"
      },
      "original": {
        "owner": "LnL7",
        "ref": "master",
        "repo": "nix-darwin",
        "type": "github"
      }
    },
    "flake-utils": {
      "locked": {
        "lastModified": 1622445595,
        "narHash": "sha256-m+JRe6Wc5OZ/mKw2bB3+Tl0ZbtyxxxfnAWln8Q5qs+Y=",
        "owner": "numtide",
        "repo": "flake-utils",
        "rev": "7d706970d94bc5559077eb1a6600afddcd25a7c8",
        "type": "github"
      },
      "original": {
        "owner": "numtide",
        "repo": "flake-utils",
        "type": "github"
      }
    },
    "flake-utils_2": {
      "locked": {
        "lastModified": 1622445595,
        "narHash": "sha256-m+JRe6Wc5OZ/mKw2bB3+Tl0ZbtyxxxfnAWln8Q5qs+Y=",
        "owner": "numtide",
        "repo": "flake-utils",
        "rev": "7d706970d94bc5559077eb1a6600afddcd25a7c8",
        "type": "github"
      },
      "original": {
        "owner": "numtide",
        "repo": "flake-utils",
        "type": "github"
      }
    },
    "flake-utils_3": {
      "locked": {
        "lastModified": 1629481132,
        "narHash": "sha256-JHgasjPR0/J1J3DRm4KxM4zTyAj4IOJY8vIl75v/kPI=",
        "owner": "numtide",
        "repo": "flake-utils",
        "rev": "997f7efcb746a9c140ce1f13c72263189225f482",
        "type": "github"
      },
      "original": {
        "owner": "numtide",
        "repo": "flake-utils",
        "type": "github"
      }
    },
    "home-manager": {
      "inputs": {
        "nixpkgs": [
          "nixpkgs"
        ]
      },
      "locked": {
        "lastModified": 1633291410,
        "narHash": "sha256-IxUzCGwj+s2Rn/+u0NtY36ix5I8MopMOO8Ip59PnBlw=",
        "owner": "nix-community",
        "repo": "home-manager",
        "rev": "382505714d10c6791a96712e0554587c75c5bf8b",
        "type": "github"
      },
      "original": {
        "owner": "nix-community",
        "ref": "release-21.05",
        "repo": "home-manager",
        "type": "github"
      }
    },
    "launch": {
      "inputs": {
        "flake-utils": "flake-utils",
        "nixpkgs": [
          "nixpkgs"
        ]
      },
      "locked": {
        "lastModified": 1624204976,
        "narHash": "sha256-WZjEvT0gS2eV4y95behTUquzu+N/vqu4ECSO+WWmRnQ=",
        "owner": "jwoudenberg",
        "repo": "launch",
        "rev": "0b64fe695ff8a8f915615e0b5ec143c7e91dd33c",
        "type": "github"
      },
      "original": {
        "owner": "jwoudenberg",
        "repo": "launch",
        "type": "github"
      }
    },
    "naersk": {
      "inputs": {
        "nixpkgs": "nixpkgs_2"
      },
      "locked": {
        "lastModified": 1629707199,
        "narHash": "sha256-sGxlmfp5eXL5sAMNqHSb04Zq6gPl+JeltIZ226OYN0w=",
        "owner": "nix-community",
        "repo": "naersk",
        "rev": "df71f5e4babda41cd919a8684b72218e2e809fa9",
        "type": "github"
      },
      "original": {
        "owner": "nix-community",
        "repo": "naersk",
        "type": "github"
      }
    },
    "nix-script": {
      "flake": false,
      "locked": {
        "lastModified": 1629497157,
        "narHash": "sha256-EuVt5m1QnvPmWe6LB9PL7YXrvWPZSh+LVeHi7qZP568=",
        "owner": "BrianHicks",
        "repo": "nix-script",
        "rev": "cbfd97c8157b558112d84d3dcebe84e269a2d1ef",
        "type": "github"
      },
      "original": {
        "owner": "BrianHicks",
        "repo": "nix-script",
        "type": "github"
      }
    },
    "nixpkgs": {
      "locked": {
        "lastModified": 1633083543,
        "narHash": "sha256-thXKms0SvDirYb8/Hw0zqAE1TsuSFWd0y51mSzkPGLU=",
        "owner": "NixOS",
        "repo": "nixpkgs",
        "rev": "92609f3d9bc3acffbdbe54fa1c591a885612aa73",
        "type": "github"
      },
      "original": {
        "owner": "NixOS",
        "ref": "nixos-21.05",
        "repo": "nixpkgs",
        "type": "github"
      }
    },
    "nixpkgs-darwin": {
      "locked": {
        "lastModified": 1633280801,
        "narHash": "sha256-25QIldexuyEDXY47lWwXvPTtX6GZ9WWN4MElo04zSMg=",
        "owner": "NixOS",
        "repo": "nixpkgs",
        "rev": "d550d4ebd5f1117323c96c1ed61c3727b891ae0b",
        "type": "github"
      },
      "original": {
        "owner": "NixOS",
        "ref": "nixpkgs-21.05-darwin",
        "repo": "nixpkgs",
        "type": "github"
      }
    },
    "nixpkgs-master": {
      "locked": {
        "lastModified": 1633329294,
        "narHash": "sha256-0LpQLS4KMgxslMgmDHmxG/5twFlXDBW9z4Or1iOrCvU=",
        "owner": "NixOS",
        "repo": "nixpkgs",
        "rev": "ee084c02040e864eeeb4cf4f8538d92f7c675671",
        "type": "github"
      },
      "original": {
        "owner": "NixOS",
        "ref": "master",
        "repo": "nixpkgs",
        "type": "github"
      }
    },
    "nixpkgs_2": {
      "locked": {
        "lastModified": 1629843882,
        "narHash": "sha256-pNaVImPmlXzOENlEqKla2CCh/nqdHRuFhBdgiNAnSkE=",
        "owner": "NixOS",
        "repo": "nixpkgs",
        "rev": "4b8708cad7da691c7ceb67a1fce79b13bd90e57f",
        "type": "github"
      },
      "original": {
        "id": "nixpkgs",
        "type": "indirect"
      }
    },
    "nixpkgs_3": {
      "locked": {
        "lastModified": 1629835430,
        "narHash": "sha256-7ajWHlmckQ1GO3bdVP6JYjE0tvrtTHlolra+Z310bdM=",
        "owner": "NixOS",
        "repo": "nixpkgs",
        "rev": "64fa98757bad3937d6cdf56d7b1c70d42b97f752",
        "type": "github"
      },
      "original": {
        "owner": "NixOS",
        "ref": "release-21.05",
        "repo": "nixpkgs",
        "type": "github"
      }
    },
    "random-colors": {
      "inputs": {
        "flake-utils": "flake-utils_2",
        "nixpkgs": [
          "nixpkgs"
        ]
      },
      "locked": {
        "lastModified": 1623940183,
        "narHash": "sha256-tGRbfJHrvCU+5ptmiZIMG/1A6kJAcRgwkXAK+H10wK8=",
        "owner": "jwoudenberg",
        "repo": "random-colors",
        "rev": "b5a37231b22a90fd7917deb573f407b8dd2b26dd",
        "type": "github"
      },
      "original": {
        "owner": "jwoudenberg",
        "repo": "random-colors",
        "type": "github"
      }
    },
    "root": {
      "inputs": {
        "darwin": "darwin",
        "home-manager": "home-manager",
        "launch": "launch",
        "nix-script": "nix-script",
        "nixpkgs": "nixpkgs",
        "nixpkgs-darwin": "nixpkgs-darwin",
        "nixpkgs-master": "nixpkgs-master",
        "random-colors": "random-colors",
        "similar-sort": "similar-sort"
      }
    },
    "similar-sort": {
      "inputs": {
        "flake-utils": "flake-utils_3",
        "naersk": "naersk",
        "nixpkgs": "nixpkgs_3"
      },
      "locked": {
        "lastModified": 1631617637,
        "narHash": "sha256-5TiuoRZQfp9wBqZluqqLPaUbfAjMnuhISYTrxAt66qU=",
        "ref": "main",
        "rev": "1c23fc936150c5f1a40f66d3d28ececc9e53dd2d",
        "revCount": 46,
        "type": "git",
        "url": "https://git.bytes.zone/brian/similar-sort.git"
      },
      "original": {
        "ref": "main",
        "type": "git",
        "url": "https://git.bytes.zone/brian/similar-sort.git"
      }
    }
  },
  "root": "root",
  "version": 7
}
