{
  "nodes": {
    "darwin": {
      "inputs": {
        "nixpkgs": [
          "nixpkgs-darwin"
        ]
      },
      "locked": {
        "lastModified": 1622060422,
        "narHash": "sha256-hPVlvrAyf6zL7tTx0lpK+tMxEfZeMiIZ/A2xaJ41WOY=",
        "owner": "LnL7",
        "repo": "nix-darwin",
        "rev": "007d700e644ac588ad6668e6439950a5b6e2ff64",
        "type": "github"
      },
      "original": {
        "owner": "LnL7",
        "ref": "master",
        "repo": "nix-darwin",
        "type": "github"
      }
    },
    "flake-utils": {
      "locked": {
        "lastModified": 1622445595,
        "narHash": "sha256-m+JRe6Wc5OZ/mKw2bB3+Tl0ZbtyxxxfnAWln8Q5qs+Y=",
        "owner": "numtide",
        "repo": "flake-utils",
        "rev": "7d706970d94bc5559077eb1a6600afddcd25a7c8",
        "type": "github"
      },
      "original": {
        "owner": "numtide",
        "repo": "flake-utils",
        "type": "github"
      }
    },
    "home-manager": {
      "inputs": {
        "nixpkgs": [
          "nixpkgs"
        ]
      },
      "locked": {
        "lastModified": 1622917919,
        "narHash": "sha256-9gAIwbQyLhK78bEV648k4tfLK6JkYiPk9QdTECpLuOE=",
        "owner": "nix-community",
        "repo": "home-manager",
        "rev": "148d85ee8303444fb0116943787aa0b1b25f94df",
        "type": "github"
      },
      "original": {
        "owner": "nix-community",
        "ref": "release-21.05",
        "repo": "home-manager",
        "type": "github"
      }
    },
    "launch": {
      "inputs": {
        "flake-utils": "flake-utils",
        "nixpkgs": [
          "nixpkgs"
        ]
      },
      "locked": {
        "lastModified": 1623097848,
        "narHash": "sha256-Dg6W7sDRQ08OaW8G3+rJWdk/upQOn+8cPfY+DYmcgW0=",
        "owner": "jwoudenberg",
        "repo": "launch",
        "rev": "18b84e4f69b4af741d8e74cc8c178da421d6c3c8",
        "type": "github"
      },
      "original": {
        "owner": "jwoudenberg",
        "repo": "launch",
        "type": "github"
      }
    },
    "nix-script": {
      "flake": false,
      "locked": {
        "lastModified": 1619640301,
        "narHash": "sha256-oBUUJ920r88PWwsP9vI29nvKcRwX4Gr3Cl/UyCjcdUs=",
        "owner": "BrianHicks",
        "repo": "nix-script",
        "rev": "f92c9d0ea7d7a21a6f7f4ec6a73e8ac6ca49dc0b",
        "type": "github"
      },
      "original": {
        "owner": "BrianHicks",
        "repo": "nix-script",
        "type": "github"
      }
    },
    "nixpkgs": {
      "locked": {
        "lastModified": 1622922048,
        "narHash": "sha256-nTyKxe0n7l/4HSmYaIN+63WQrvHrTJY6drSwP7bMqhU=",
        "owner": "NixOS",
        "repo": "nixpkgs",
        "rev": "5de44c15758465f8ddf84d541ba300b48e56eda4",
        "type": "github"
      },
      "original": {
        "owner": "NixOS",
        "ref": "nixos-21.05",
        "repo": "nixpkgs",
        "type": "github"
      }
    },
    "nixpkgs-darwin": {
      "locked": {
        "lastModified": 1623056035,
        "narHash": "sha256-9fHIXsTiWuHPGI629SCiNK6IsHLkAen3PwMjdSHM9as=",
        "owner": "NixOS",
        "repo": "nixpkgs",
        "rev": "60f3e3675b13f5c9d788f54939ac747bb66e6ff9",
        "type": "github"
      },
      "original": {
        "owner": "NixOS",
        "ref": "nixpkgs-21.05-darwin",
        "repo": "nixpkgs",
        "type": "github"
      }
    },
    "root": {
      "inputs": {
        "darwin": "darwin",
        "home-manager": "home-manager",
        "launch": "launch",
        "nix-script": "nix-script",
        "nixpkgs": "nixpkgs",
        "nixpkgs-darwin": "nixpkgs-darwin",
        "similar-sort": "similar-sort",
        "system76-power": "system76-power"
      }
    },
    "similar-sort": {
      "flake": false,
      "locked": {
        "lastModified": 1601304261,
        "narHash": "sha256-JaghPMt7Kt1QcJRnoATQBZ5RxrJ1DASfE1zDNyjn5dA=",
        "ref": "main",
        "rev": "47a6eea3b0b9a2e1095ee92d891ca401089b09e9",
        "revCount": 5,
        "type": "git",
        "url": "https://git.bytes.zone/brian/similar-sort.git"
      },
      "original": {
        "ref": "main",
        "type": "git",
        "url": "https://git.bytes.zone/brian/similar-sort.git"
      }
    },
    "system76-power": {
      "flake": false,
      "locked": {
        "lastModified": 1614195017,
        "narHash": "sha256-OtrhvUkNNgg6KlrqjwiBKL4zuQZBWevb0xgtSlEW2rQ=",
        "owner": "pop-os",
        "repo": "system76-power",
        "rev": "81e875c83c43529328a139257976245a5c88f73e",
        "type": "github"
      },
      "original": {
        "owner": "pop-os",
        "ref": "1.1.16",
        "repo": "system76-power",
        "type": "github"
      }
    }
  },
  "root": "root",
  "version": 7
}
