{
  "nodes": {
    "comma": {
      "inputs": {
        "flake-utils": "flake-utils",
        "nixpkgs": [
          "nixpkgs-nixos"
        ]
      },
      "locked": {
        "lastModified": 1636394139,
        "narHash": "sha256-Uv+txXVZzOLEsDFgHKgMZxLeolWjkTwDuj1ILB5KouI=",
        "owner": "jwoudenberg",
        "repo": "comma",
        "rev": "0f8be31974b965e3aca76aacca97cd3348d4a740",
        "type": "github"
      },
      "original": {
        "owner": "jwoudenberg",
        "repo": "comma",
        "type": "github"
      }
    },
    "darwin": {
      "inputs": {
        "nixpkgs": [
          "nixpkgs-darwin"
        ]
      },
      "locked": {
        "lastModified": 1642495030,
        "narHash": "sha256-u1ZlFbLWzkM6zOfuZ1tr0tzTuDWucOYwALPWDWLorkE=",
        "owner": "LnL7",
        "repo": "nix-darwin",
        "rev": "bcdb6022b3a300abf59cb5d0106c158940f5120e",
        "type": "github"
      },
      "original": {
        "owner": "LnL7",
        "ref": "master",
        "repo": "nix-darwin",
        "type": "github"
      }
    },
    "flake-utils": {
      "locked": {
        "lastModified": 1634851050,
        "narHash": "sha256-N83GlSGPJJdcqhUxSCS/WwW5pksYf3VP1M13cDRTSVA=",
        "owner": "numtide",
        "repo": "flake-utils",
        "rev": "c91f3de5adaf1de973b797ef7485e441a65b8935",
        "type": "github"
      },
      "original": {
        "owner": "numtide",
        "repo": "flake-utils",
        "type": "github"
      }
    },
    "flake-utils_2": {
      "locked": {
        "lastModified": 1634851050,
        "narHash": "sha256-N83GlSGPJJdcqhUxSCS/WwW5pksYf3VP1M13cDRTSVA=",
        "owner": "numtide",
        "repo": "flake-utils",
        "rev": "c91f3de5adaf1de973b797ef7485e441a65b8935",
        "type": "github"
      },
      "original": {
        "owner": "numtide",
        "repo": "flake-utils",
        "type": "github"
      }
    },
    "flake-utils_3": {
      "locked": {
        "lastModified": 1622445595,
        "narHash": "sha256-m+JRe6Wc5OZ/mKw2bB3+Tl0ZbtyxxxfnAWln8Q5qs+Y=",
        "owner": "numtide",
        "repo": "flake-utils",
        "rev": "7d706970d94bc5559077eb1a6600afddcd25a7c8",
        "type": "github"
      },
      "original": {
        "owner": "numtide",
        "repo": "flake-utils",
        "type": "github"
      }
    },
    "flake-utils_4": {
      "locked": {
        "lastModified": 1622445595,
        "narHash": "sha256-m+JRe6Wc5OZ/mKw2bB3+Tl0ZbtyxxxfnAWln8Q5qs+Y=",
        "owner": "numtide",
        "repo": "flake-utils",
        "rev": "7d706970d94bc5559077eb1a6600afddcd25a7c8",
        "type": "github"
      },
      "original": {
        "owner": "numtide",
        "repo": "flake-utils",
        "type": "github"
      }
    },
    "flake-utils_5": {
      "locked": {
        "lastModified": 1637014545,
        "narHash": "sha256-26IZAc5yzlD9FlDT54io1oqG/bBoyka+FJk5guaX4x4=",
        "owner": "numtide",
        "repo": "flake-utils",
        "rev": "bba5dcc8e0b20ab664967ad83d24d64cb64ec4f4",
        "type": "github"
      },
      "original": {
        "owner": "numtide",
        "repo": "flake-utils",
        "type": "github"
      }
    },
    "flake-utils_6": {
      "locked": {
        "lastModified": 1634851050,
        "narHash": "sha256-N83GlSGPJJdcqhUxSCS/WwW5pksYf3VP1M13cDRTSVA=",
        "owner": "numtide",
        "repo": "flake-utils",
        "rev": "c91f3de5adaf1de973b797ef7485e441a65b8935",
        "type": "github"
      },
      "original": {
        "owner": "numtide",
        "repo": "flake-utils",
        "type": "github"
      }
    },
    "home-manager": {
      "inputs": {
        "nixpkgs": [
          "nixpkgs-nixos"
        ]
      },
      "locked": {
        "lastModified": 1642653493,
        "narHash": "sha256-22mGPjiHUo2Jmze4IjXCJLjeK2mbvvCztHmUyUMr4yw=",
        "owner": "nix-community",
        "repo": "home-manager",
        "rev": "28b9ae40c45c5e7711c353fee1b7af734e293979",
        "type": "github"
      },
      "original": {
        "owner": "nix-community",
        "ref": "release-21.11",
        "repo": "home-manager",
        "type": "github"
      }
    },
    "keepassxc-pass-frontend": {
      "inputs": {
        "flake-utils": "flake-utils_2",
        "nixpkgs": [
          "nixpkgs-nixos"
        ]
      },
      "locked": {
        "lastModified": 1636043052,
        "narHash": "sha256-0S5R1surPw/rnHXZ8iBb8HuCSZfMwOmh4UJjKwoLqgM=",
        "owner": "jwoudenberg",
        "repo": "keepassxc-pass-frontend",
        "rev": "a26413bf2a24a1675ce728bf6c426c4feb992e42",
        "type": "github"
      },
      "original": {
        "owner": "jwoudenberg",
        "repo": "keepassxc-pass-frontend",
        "type": "github"
      }
    },
    "launch": {
      "inputs": {
        "flake-utils": "flake-utils_3",
        "nixpkgs": [
          "nixpkgs-nixos"
        ]
      },
      "locked": {
        "lastModified": 1635847488,
        "narHash": "sha256-IlYMzvrLggu5qxmOHfRX/S5bfX++9jj0wdVYfI8s4Mg=",
        "owner": "jwoudenberg",
        "repo": "launch",
        "rev": "d37a1ce40372502f0caf0a0bdfa456b2ba2fb1e0",
        "type": "github"
      },
      "original": {
        "owner": "jwoudenberg",
        "repo": "launch",
        "type": "github"
      }
    },
    "naersk": {
      "inputs": {
        "nixpkgs": "nixpkgs"
      },
      "locked": {
        "lastModified": 1632266297,
        "narHash": "sha256-J1yeJk6Gud9ef2pEf6aKQemrfg1pVngYDSh+SAY94xk=",
        "owner": "nix-community",
        "repo": "naersk",
        "rev": "ee7edec50b49ab6d69b06d62f1de554efccb1ccd",
        "type": "github"
      },
      "original": {
        "owner": "nix-community",
        "repo": "naersk",
        "type": "github"
      }
    },
    "nixpkgs": {
      "locked": {
        "lastModified": 1635279730,
        "narHash": "sha256-2sEjFOGHbfXGuvRadHZXwYTC/bLbid/xvGOP04/zMb8=",
        "owner": "NixOS",
        "repo": "nixpkgs",
        "rev": "60982b14d9c74949d68bc7611f4bdaf6dca04235",
        "type": "github"
      },
      "original": {
        "id": "nixpkgs",
        "type": "indirect"
      }
    },
    "nixpkgs-darwin": {
      "locked": {
        "lastModified": 1642913439,
        "narHash": "sha256-xnXZR2hp5ymSU2UD3F/FMoXuGlCN+1Z+74cBElyR8TU=",
        "owner": "NixOS",
        "repo": "nixpkgs",
        "rev": "5b970ac9c224622b8ba92e867b456f7cefb2e109",
        "type": "github"
      },
      "original": {
        "owner": "NixOS",
        "ref": "nixpkgs-21.11-darwin",
        "repo": "nixpkgs",
        "type": "github"
      }
    },
    "nixpkgs-nixos": {
      "locked": {
        "lastModified": 1642798845,
        "narHash": "sha256-1g1X3wKmroGix68OXwb4gR1yXKPQ36apI1dssd/YbuM=",
        "owner": "NixOS",
        "repo": "nixpkgs",
        "rev": "e84444b14cc75a4be17b58fd2c344f47dddf084e",
        "type": "github"
      },
      "original": {
        "owner": "NixOS",
        "ref": "nixos-21.11",
        "repo": "nixpkgs",
        "type": "github"
      }
    },
    "nixpkgs_2": {
      "locked": {
        "lastModified": 1635247071,
        "narHash": "sha256-NjWixz/Yb55hE3c9FxQjah3Ijlwvz6zRTXLaQClE0x0=",
        "owner": "NixOS",
        "repo": "nixpkgs",
        "rev": "f112b512e1710da6c8beb8e541a8ad9fcd81e6e6",
        "type": "github"
      },
      "original": {
        "owner": "NixOS",
        "ref": "nixpkgs-unstable",
        "repo": "nixpkgs",
        "type": "github"
      }
    },
    "paulus": {
      "inputs": {
        "nixpkgs": [
          "nixpkgs-nixos"
        ],
        "utils": "utils"
      },
      "locked": {
        "lastModified": 1642845745,
        "narHash": "sha256-oGprLzisPnNjYtrs4tyqzTaMNYN/uDBk1upPVfodx/w=",
        "owner": "jwoudenberg",
        "repo": "paulus",
        "rev": "25097618cbf9ad6a80126499fc341be326b7cc22",
        "type": "github"
      },
      "original": {
        "owner": "jwoudenberg",
        "repo": "paulus",
        "type": "github"
      }
    },
    "random-colors": {
      "inputs": {
        "flake-utils": "flake-utils_4",
        "nixpkgs": [
          "nixpkgs-nixos"
        ]
      },
      "locked": {
        "lastModified": 1633452702,
        "narHash": "sha256-45NRZZxQSDdq66epk2UGWMnHDx0ueMvst2LkMfkocjA=",
        "owner": "jwoudenberg",
        "repo": "random-colors",
        "rev": "58c7373275208b15e989e7dc65db7b419b60a512",
        "type": "github"
      },
      "original": {
        "owner": "jwoudenberg",
        "repo": "random-colors",
        "type": "github"
      }
    },
    "rem2html": {
      "flake": false,
      "locked": {
        "lastModified": 1643037829,
        "narHash": "sha256-w/MSMpRRlX/Rak/Xak3Iz0+79hPKDMt+sEvgqp8Nl+E=",
        "ref": "master",
        "rev": "511cdb2784438ba29affcec7ab27b2f4af8337f6",
        "revCount": 1187,
        "type": "git",
        "url": "https://git.skoll.ca/Skollsoft-Public/Remind.git"
      },
      "original": {
        "ref": "master",
        "type": "git",
        "url": "https://git.skoll.ca/Skollsoft-Public/Remind.git"
      }
    },
    "root": {
      "inputs": {
        "comma": "comma",
        "darwin": "darwin",
        "home-manager": "home-manager",
        "keepassxc-pass-frontend": "keepassxc-pass-frontend",
        "launch": "launch",
        "nixpkgs-darwin": "nixpkgs-darwin",
        "nixpkgs-nixos": "nixpkgs-nixos",
        "paulus": "paulus",
        "random-colors": "random-colors",
        "rem2html": "rem2html",
        "shy": "shy",
        "similar-sort": "similar-sort"
      }
    },
    "shy": {
      "inputs": {
        "flake-utils": "flake-utils_5",
        "nixpkgs": [
          "nixpkgs-nixos"
        ]
      },
      "locked": {
        "lastModified": 1637658087,
        "narHash": "sha256-7Vbcaveeg/YxD5QgZ02dtDV8tI+ky6yun0mH101RBpo=",
        "owner": "jwoudenberg",
        "repo": "shy",
        "rev": "08f50157bacdee46a2ef05bb10ba33616955dcc2",
        "type": "github"
      },
      "original": {
        "owner": "jwoudenberg",
        "repo": "shy",
        "type": "github"
      }
    },
    "similar-sort": {
      "inputs": {
        "flake-utils": "flake-utils_6",
        "naersk": "naersk",
        "nixpkgs": "nixpkgs_2"
      },
      "locked": {
        "lastModified": 1635280434,
        "narHash": "sha256-xXooWRSFqjKtOUP0XCvTu7VqXhnx9bsBGazdeXn5/CA=",
        "ref": "main",
        "rev": "166a8d8f56d05d3d4fb50dca55297bc6c4e2b5af",
        "revCount": 48,
        "type": "git",
        "url": "https://git.bytes.zone/brian/similar-sort.git"
      },
      "original": {
        "ref": "main",
        "type": "git",
        "url": "https://git.bytes.zone/brian/similar-sort.git"
      }
    },
    "utils": {
      "locked": {
        "lastModified": 1642700792,
        "narHash": "sha256-XqHrk7hFb+zBvRg6Ghl+AZDq03ov6OshJLiSWOoX5es=",
        "owner": "numtide",
        "repo": "flake-utils",
        "rev": "846b2ae0fc4cc943637d3d1def4454213e203cba",
        "type": "github"
      },
      "original": {
        "owner": "numtide",
        "repo": "flake-utils",
        "type": "github"
      }
    }
  },
  "root": "root",
  "version": 7
}
